
Microsoft Visual Studio Solution File, Format Version 12.00
# Visual Studio Version 17
VisualStudioVersion = 17.8.34525.116
MinimumVisualStudioVersion = 10.0.40219.1
Project("{FAE04EC0-301F-11D3-BF4B-00C04F79EFBC}") = "BursaryManagementAPI", "BursaryManagementAPI\BursaryManagementAPI.csproj", "{FFD1F7A0-024F-4C23-A27C-17E5D9E7E595}"
EndProject
Global
	GlobalSection(SolutionConfigurationPlatforms) = preSolution
		Debug|Any CPU = Debug|Any CPU
		Release|Any CPU = Release|Any CPU
	EndGlobalSection
	GlobalSection(ProjectConfigurationPlatforms) = postSolution
		{FFD1F7A0-024F-4C23-A27C-17E5D9E7E595}.Debug|Any CPU.ActiveCfg = Debug|Any CPU
		{FFD1F7A0-024F-4C23-A27C-17E5D9E7E595}.Debug|Any CPU.Build.0 = Debug|Any CPU
		{FFD1F7A0-024F-4C23-A27C-17E5D9E7E595}.Release|Any CPU.ActiveCfg = Release|Any CPU
		{FFD1F7A0-024F-4C23-A27C-17E5D9E7E595}.Release|Any CPU.Build.0 = Release|Any CPU
	EndGlobalSection
	GlobalSection(SolutionProperties) = preSolution
		HideSolutionNode = FALSE
	EndGlobalSection
	GlobalSection(ExtensibilityGlobals) = postSolution
		SolutionGuid = {D6E113E1-34A3-407C-8465-3E9754E53486}
	EndGlobalSection
EndGlobal
