
Microsoft Visual Studio Solution File, Format Version 12.00
# Visual Studio Version 17
VisualStudioVersion = 17.8.34525.116
MinimumVisualStudioVersion = 10.0.40219.1
Project("{9A19103F-16F7-4668-BE54-9A1E7A4F7556}") = "BursaryManagementAPI", "BursaryManagementAPI\BursaryManagementAPI.csproj", "{FFD1F7A0-024F-4C23-A27C-17E5D9E7E595}"
EndProject
Project("{9A19103F-16F7-4668-BE54-9A1E7A4F7556}") = "BusinessLogic", "BusinessLogic\BusinessLogic.csproj", "{4DC89509-A28D-47C9-87C4-1DA7490F8899}"
EndProject
Project("{9A19103F-16F7-4668-BE54-9A1E7A4F7556}") = "DataAccess", "DataAccess\DataAccess.csproj", "{FE069FFD-6B9B-401B-9CA0-DCBE3B9A1A1E}"
EndProject
Global
	GlobalSection(SolutionConfigurationPlatforms) = preSolution
		Debug|Any CPU = Debug|Any CPU
		Release|Any CPU = Release|Any CPU
	EndGlobalSection
	GlobalSection(ProjectConfigurationPlatforms) = postSolution
		{FFD1F7A0-024F-4C23-A27C-17E5D9E7E595}.Debug|Any CPU.ActiveCfg = Debug|Any CPU
		{FFD1F7A0-024F-4C23-A27C-17E5D9E7E595}.Debug|Any CPU.Build.0 = Debug|Any CPU
		{FFD1F7A0-024F-4C23-A27C-17E5D9E7E595}.Release|Any CPU.ActiveCfg = Release|Any CPU
		{FFD1F7A0-024F-4C23-A27C-17E5D9E7E595}.Release|Any CPU.Build.0 = Release|Any CPU
		{4DC89509-A28D-47C9-87C4-1DA7490F8899}.Debug|Any CPU.ActiveCfg = Debug|Any CPU
		{4DC89509-A28D-47C9-87C4-1DA7490F8899}.Debug|Any CPU.Build.0 = Debug|Any CPU
		{4DC89509-A28D-47C9-87C4-1DA7490F8899}.Release|Any CPU.ActiveCfg = Release|Any CPU
		{4DC89509-A28D-47C9-87C4-1DA7490F8899}.Release|Any CPU.Build.0 = Release|Any CPU
		{FE069FFD-6B9B-401B-9CA0-DCBE3B9A1A1E}.Debug|Any CPU.ActiveCfg = Debug|Any CPU
		{FE069FFD-6B9B-401B-9CA0-DCBE3B9A1A1E}.Debug|Any CPU.Build.0 = Debug|Any CPU
		{FE069FFD-6B9B-401B-9CA0-DCBE3B9A1A1E}.Release|Any CPU.ActiveCfg = Release|Any CPU
		{FE069FFD-6B9B-401B-9CA0-DCBE3B9A1A1E}.Release|Any CPU.Build.0 = Release|Any CPU
	EndGlobalSection
	GlobalSection(SolutionProperties) = preSolution
		HideSolutionNode = FALSE
	EndGlobalSection
	GlobalSection(ExtensibilityGlobals) = postSolution
		SolutionGuid = {D6E113E1-34A3-407C-8465-3E9754E53486}
	EndGlobalSection
EndGlobal
